
Microsoft Visual Studio Solution File, Format Version 12.00
# Visual Studio Version 17
VisualStudioVersion = 17.7.34031.279
MinimumVisualStudioVersion = 10.0.40219.1
Project("{9A19103F-16F7-4668-BE54-9A1E7A4F7556}") = "WPFDemoPractice", "WPFDemoPractice\WPFDemoPractice.csproj", "{EA880A48-EAEA-4F22-A300-F34E95717D98}"
EndProject
Global
	GlobalSection(SolutionConfigurationPlatforms) = preSolution
		Debug|Any CPU = Debug|Any CPU
		Release|Any CPU = Release|Any CPU
	EndGlobalSection
	GlobalSection(ProjectConfigurationPlatforms) = postSolution
		{EA880A48-EAEA-4F22-A300-F34E95717D98}.Debug|Any CPU.ActiveCfg = Debug|Any CPU
		{EA880A48-EAEA-4F22-A300-F34E95717D98}.Debug|Any CPU.Build.0 = Debug|Any CPU
		{EA880A48-EAEA-4F22-A300-F34E95717D98}.Release|Any CPU.ActiveCfg = Release|Any CPU
		{EA880A48-EAEA-4F22-A300-F34E95717D98}.Release|Any CPU.Build.0 = Release|Any CPU
	EndGlobalSection
	GlobalSection(SolutionProperties) = preSolution
		HideSolutionNode = FALSE
	EndGlobalSection
	GlobalSection(ExtensibilityGlobals) = postSolution
		SolutionGuid = {D2F61F6D-56DA-4B6A-8669-C7D5945EBCC4}
	EndGlobalSection
EndGlobal
